
Microsoft Visual Studio Solution File, Format Version 12.00
# Visual Studio Version 17
VisualStudioVersion = 17.6.33815.320
MinimumVisualStudioVersion = 10.0.40219.1
Project("{FAE04EC0-301F-11D3-BF4B-00C04F79EFBC}") = "SortedList", "SortedList\SortedList.csproj", "{EC348048-8491-4C13-941D-4042908AF49A}"
EndProject
Global
	GlobalSection(SolutionConfigurationPlatforms) = preSolution
		Debug|Any CPU = Debug|Any CPU
		Release|Any CPU = Release|Any CPU
	EndGlobalSection
	GlobalSection(ProjectConfigurationPlatforms) = postSolution
		{EC348048-8491-4C13-941D-4042908AF49A}.Debug|Any CPU.ActiveCfg = Debug|Any CPU
		{EC348048-8491-4C13-941D-4042908AF49A}.Debug|Any CPU.Build.0 = Debug|Any CPU
		{EC348048-8491-4C13-941D-4042908AF49A}.Release|Any CPU.ActiveCfg = Release|Any CPU
		{EC348048-8491-4C13-941D-4042908AF49A}.Release|Any CPU.Build.0 = Release|Any CPU
	EndGlobalSection
	GlobalSection(SolutionProperties) = preSolution
		HideSolutionNode = FALSE
	EndGlobalSection
	GlobalSection(ExtensibilityGlobals) = postSolution
		SolutionGuid = {BAC25813-8C96-4B20-B89A-62618B946431}
	EndGlobalSection
EndGlobal
